
Microsoft Visual Studio Solution File, Format Version 12.00
# Visual Studio Version 16
VisualStudioVersion = 25.0.1706.10
MinimumVisualStudioVersion = 10.0.40219.1
Project("{FAE04EC0-301F-11D3-BF4B-00C04F79EFBC}") = "ATM app", "ATM app\ATM app.csproj", "{EBBD5716-6B55-40F1-8096-409FB838D83F}"
EndProject
Global
	GlobalSection(SolutionConfigurationPlatforms) = preSolution
		Debug|Any CPU = Debug|Any CPU
		Release|Any CPU = Release|Any CPU
	EndGlobalSection
	GlobalSection(ProjectConfigurationPlatforms) = postSolution
		{EBBD5716-6B55-40F1-8096-409FB838D83F}.Debug|Any CPU.ActiveCfg = Debug|Any CPU
		{EBBD5716-6B55-40F1-8096-409FB838D83F}.Debug|Any CPU.Build.0 = Debug|Any CPU
		{EBBD5716-6B55-40F1-8096-409FB838D83F}.Release|Any CPU.ActiveCfg = Release|Any CPU
		{EBBD5716-6B55-40F1-8096-409FB838D83F}.Release|Any CPU.Build.0 = Release|Any CPU
	EndGlobalSection
	GlobalSection(SolutionProperties) = preSolution
		HideSolutionNode = FALSE
	EndGlobalSection
	GlobalSection(ExtensibilityGlobals) = postSolution
		SolutionGuid = {F8CF625F-A7DA-439D-87EE-FB1A5DDA18D9}
	EndGlobalSection
EndGlobal
